
Microsoft Visual Studio Solution File, Format Version 12.00
# Visual Studio 2012
Project("{FAE04EC0-301F-11D3-BF4B-00C04F79EFBC}") = "RowReductionView", "RowReductionView\RowReductionView.csproj", "{2362E18E-5C00-433B-AE63-1FA8C918B672}"
EndProject
Project("{FAE04EC0-301F-11D3-BF4B-00C04F79EFBC}") = "RowReductionAlgorithm.Tests", "RowReductionAlgorithm.Tests\RowReductionAlgorithm.Tests.csproj", "{B9F54B8A-674C-4B7C-AADF-17C1AA61B01A}"
EndProject
Global
	GlobalSection(SolutionConfigurationPlatforms) = preSolution
		Debug|Any CPU = Debug|Any CPU
		Release|Any CPU = Release|Any CPU
	EndGlobalSection
	GlobalSection(ProjectConfigurationPlatforms) = postSolution
		{2362E18E-5C00-433B-AE63-1FA8C918B672}.Debug|Any CPU.ActiveCfg = Debug|Any CPU
		{2362E18E-5C00-433B-AE63-1FA8C918B672}.Debug|Any CPU.Build.0 = Debug|Any CPU
		{2362E18E-5C00-433B-AE63-1FA8C918B672}.Release|Any CPU.ActiveCfg = Release|Any CPU
		{2362E18E-5C00-433B-AE63-1FA8C918B672}.Release|Any CPU.Build.0 = Release|Any CPU
		{B9F54B8A-674C-4B7C-AADF-17C1AA61B01A}.Debug|Any CPU.ActiveCfg = Debug|Any CPU
		{B9F54B8A-674C-4B7C-AADF-17C1AA61B01A}.Debug|Any CPU.Build.0 = Debug|Any CPU
		{B9F54B8A-674C-4B7C-AADF-17C1AA61B01A}.Release|Any CPU.ActiveCfg = Release|Any CPU
		{B9F54B8A-674C-4B7C-AADF-17C1AA61B01A}.Release|Any CPU.Build.0 = Release|Any CPU
	EndGlobalSection
	GlobalSection(SolutionProperties) = preSolution
		HideSolutionNode = FALSE
	EndGlobalSection
EndGlobal
